// !$*UTF8*$!
{
	archiveVersion = 1;
	classes = {
	};
	objectVersion = 55;
	objects = {

/* Begin PBXBuildFile section */
		9F0F81D82840E567005835A5 /* HourMinutesPicker.swift in Sources */ = {isa = PBXBuildFile; fileRef = 9F0F81D72840E567005835A5 /* HourMinutesPicker.swift */; };
		9F0F81DE2840F52B005835A5 /* ActionView.swift in Sources */ = {isa = PBXBuildFile; fileRef = 9F0F81DD2840F52B005835A5 /* ActionView.swift */; };
		9F83160B2833C23400F45E24 /* ThreeWApp.swift in Sources */ = {isa = PBXBuildFile; fileRef = 9F83160A2833C23400F45E24 /* ThreeWApp.swift */; };
		9F83160F2833C23500F45E24 /* Assets.xcassets in Resources */ = {isa = PBXBuildFile; fileRef = 9F83160E2833C23500F45E24 /* Assets.xcassets */; };
		9F8316122833C23500F45E24 /* Preview Assets.xcassets in Resources */ = {isa = PBXBuildFile; fileRef = 9F8316112833C23500F45E24 /* Preview Assets.xcassets */; };
		9F950C14284082FD002C1362 /* ThreeWEvent.swift in Sources */ = {isa = PBXBuildFile; fileRef = 9F950C13284082FD002C1362 /* ThreeWEvent.swift */; };
		9F950C1628408847002C1362 /* Executing.swift in Sources */ = {isa = PBXBuildFile; fileRef = 9F950C1528408847002C1362 /* Executing.swift */; };
		9F950C18284093D7002C1362 /* ThreeWInputView.swift in Sources */ = {isa = PBXBuildFile; fileRef = 9F950C17284093D7002C1362 /* ThreeWInputView.swift */; };
		9F950C1C28409A68002C1362 /* ThreeWStorage.swift in Sources */ = {isa = PBXBuildFile; fileRef = 9F950C1B28409A68002C1362 /* ThreeWStorage.swift */; };
		9F950C212840C931002C1362 /* ShortcutRecorder in Frameworks */ = {isa = PBXBuildFile; productRef = 9F950C202840C931002C1362 /* ShortcutRecorder */; };
		9F950C242840C94C002C1362 /* RecorderView.swift in Sources */ = {isa = PBXBuildFile; fileRef = 9F950C232840C94C002C1362 /* RecorderView.swift */; };
		9F950C262840D491002C1362 /* KeyboardActionView.swift in Sources */ = {isa = PBXBuildFile; fileRef = 9F950C252840D491002C1362 /* KeyboardActionView.swift */; };
		9F950C282840DE0A002C1362 /* AppView.swift in Sources */ = {isa = PBXBuildFile; fileRef = 9F950C272840DE0A002C1362 /* AppView.swift */; };
/* End PBXBuildFile section */

/* Begin PBXFileReference section */
		9F0F81D72840E567005835A5 /* HourMinutesPicker.swift */ = {isa = PBXFileReference; lastKnownFileType = sourcecode.swift; path = HourMinutesPicker.swift; sourceTree = "<group>"; };
		9F0F81DD2840F52B005835A5 /* ActionView.swift */ = {isa = PBXFileReference; lastKnownFileType = sourcecode.swift; path = ActionView.swift; sourceTree = "<group>"; };
		9F8316072833C23400F45E24 /* ThreeW.app */ = {isa = PBXFileReference; explicitFileType = wrapper.application; includeInIndex = 0; path = ThreeW.app; sourceTree = BUILT_PRODUCTS_DIR; };
		9F83160A2833C23400F45E24 /* ThreeWApp.swift */ = {isa = PBXFileReference; lastKnownFileType = sourcecode.swift; path = ThreeWApp.swift; sourceTree = "<group>"; };
		9F83160E2833C23500F45E24 /* Assets.xcassets */ = {isa = PBXFileReference; lastKnownFileType = folder.assetcatalog; path = Assets.xcassets; sourceTree = "<group>"; };
		9F8316112833C23500F45E24 /* Preview Assets.xcassets */ = {isa = PBXFileReference; lastKnownFileType = folder.assetcatalog; path = "Preview Assets.xcassets"; sourceTree = "<group>"; };
		9F8316132833C23500F45E24 /* ThreeW.entitlements */ = {isa = PBXFileReference; lastKnownFileType = text.plist.entitlements; path = ThreeW.entitlements; sourceTree = "<group>"; };
		9F950C13284082FD002C1362 /* ThreeWEvent.swift */ = {isa = PBXFileReference; lastKnownFileType = sourcecode.swift; path = ThreeWEvent.swift; sourceTree = "<group>"; };
		9F950C1528408847002C1362 /* Executing.swift */ = {isa = PBXFileReference; lastKnownFileType = sourcecode.swift; path = Executing.swift; sourceTree = "<group>"; };
		9F950C17284093D7002C1362 /* ThreeWInputView.swift */ = {isa = PBXFileReference; lastKnownFileType = sourcecode.swift; path = ThreeWInputView.swift; sourceTree = "<group>"; };
		9F950C1B28409A68002C1362 /* ThreeWStorage.swift */ = {isa = PBXFileReference; lastKnownFileType = sourcecode.swift; path = ThreeWStorage.swift; sourceTree = "<group>"; };
		9F950C232840C94C002C1362 /* RecorderView.swift */ = {isa = PBXFileReference; lastKnownFileType = sourcecode.swift; path = RecorderView.swift; sourceTree = "<group>"; };
		9F950C252840D491002C1362 /* KeyboardActionView.swift */ = {isa = PBXFileReference; lastKnownFileType = sourcecode.swift; path = KeyboardActionView.swift; sourceTree = "<group>"; };
		9F950C272840DE0A002C1362 /* AppView.swift */ = {isa = PBXFileReference; lastKnownFileType = sourcecode.swift; path = AppView.swift; sourceTree = "<group>"; };
/* End PBXFileReference section */

/* Begin PBXFrameworksBuildPhase section */
		9F8316042833C23400F45E24 /* Frameworks */ = {
			isa = PBXFrameworksBuildPhase;
			buildActionMask = 2147483647;
			files = (
				9F950C212840C931002C1362 /* ShortcutRecorder in Frameworks */,
			);
			runOnlyForDeploymentPostprocessing = 0;
		};
/* End PBXFrameworksBuildPhase section */

/* Begin PBXGroup section */
		9F0F81D92840F369005835A5 /* View */ = {
			isa = PBXGroup;
			children = (
				9F0F81DF2840F52F005835A5 /* Action */,
				9F950C272840DE0A002C1362 /* AppView.swift */,
				9F0F81D72840E567005835A5 /* HourMinutesPicker.swift */,
				9F950C17284093D7002C1362 /* ThreeWInputView.swift */,
			);
			path = View;
			sourceTree = "<group>";
		};
		9F0F81DB2840F395005835A5 /* Model */ = {
			isa = PBXGroup;
			children = (
				9F950C13284082FD002C1362 /* ThreeWEvent.swift */,
				9F950C1B28409A68002C1362 /* ThreeWStorage.swift */,
			);
			path = Model;
			sourceTree = "<group>";
		};
		9F0F81DC2840F3A3005835A5 /* App */ = {
			isa = PBXGroup;
			children = (
				9F8316132833C23500F45E24 /* ThreeW.entitlements */,
				9F83160A2833C23400F45E24 /* ThreeWApp.swift */,
				9F83160E2833C23500F45E24 /* Assets.xcassets */,
				9F8316102833C23500F45E24 /* Preview Content */,
			);
			path = App;
			sourceTree = "<group>";
		};
		9F0F81DF2840F52F005835A5 /* Action */ = {
			isa = PBXGroup;
			children = (
				9F950C252840D491002C1362 /* KeyboardActionView.swift */,
				9F0F81DD2840F52B005835A5 /* ActionView.swift */,
			);
			path = Action;
			sourceTree = "<group>";
		};
		9F8315FE2833C23400F45E24 = {
			isa = PBXGroup;
			children = (
				9F8316092833C23400F45E24 /* ThreeW */,
				9F8316082833C23400F45E24 /* Products */,
			);
			sourceTree = "<group>";
		};
		9F8316082833C23400F45E24 /* Products */ = {
			isa = PBXGroup;
			children = (
				9F8316072833C23400F45E24 /* ThreeW.app */,
			);
			name = Products;
			sourceTree = "<group>";
		};
		9F8316092833C23400F45E24 /* ThreeW */ = {
			isa = PBXGroup;
			children = (
				9F950C1528408847002C1362 /* Executing.swift */,
				9F0F81DC2840F3A3005835A5 /* App */,
				9F0F81DB2840F395005835A5 /* Model */,
				9F950C222840C935002C1362 /* ShortcutRecorder */,
				9F0F81D92840F369005835A5 /* View */,
			);
			path = ThreeW;
			sourceTree = "<group>";
		};
		9F8316102833C23500F45E24 /* Preview Content */ = {
			isa = PBXGroup;
			children = (
				9F8316112833C23500F45E24 /* Preview Assets.xcassets */,
			);
			path = "Preview Content";
			sourceTree = "<group>";
		};
		9F950C222840C935002C1362 /* ShortcutRecorder */ = {
			isa = PBXGroup;
			children = (
				9F950C232840C94C002C1362 /* RecorderView.swift */,
			);
			path = ShortcutRecorder;
			sourceTree = "<group>";
		};
/* End PBXGroup section */

/* Begin PBXNativeTarget section */
		9F8316062833C23400F45E24 /* ThreeW */ = {
			isa = PBXNativeTarget;
			buildConfigurationList = 9F8316162833C23500F45E24 /* Build configuration list for PBXNativeTarget "ThreeW" */;
			buildPhases = (
				9F8316032833C23400F45E24 /* Sources */,
				9F8316042833C23400F45E24 /* Frameworks */,
				9F8316052833C23400F45E24 /* Resources */,
			);
			buildRules = (
			);
			dependencies = (
			);
			name = ThreeW;
			packageProductDependencies = (
				9F950C202840C931002C1362 /* ShortcutRecorder */,
			);
			productName = ThreeW;
			productReference = 9F8316072833C23400F45E24 /* ThreeW.app */;
			productType = "com.apple.product-type.application";
		};
/* End PBXNativeTarget section */

/* Begin PBXProject section */
		9F8315FF2833C23400F45E24 /* Project object */ = {
			isa = PBXProject;
			attributes = {
				BuildIndependentTargetsInParallel = 1;
				LastSwiftUpdateCheck = 1320;
				LastUpgradeCheck = 1320;
				TargetAttributes = {
					9F8316062833C23400F45E24 = {
						CreatedOnToolsVersion = 13.2.1;
					};
				};
			};
			buildConfigurationList = 9F8316022833C23400F45E24 /* Build configuration list for PBXProject "ThreeW" */;
			compatibilityVersion = "Xcode 13.0";
			developmentRegion = en;
			hasScannedForEncodings = 0;
			knownRegions = (
				en,
				Base,
			);
			mainGroup = 9F8315FE2833C23400F45E24;
			packageReferences = (
				9F950C1F2840C931002C1362 /* XCRemoteSwiftPackageReference "ShortcutRecorder" */,
			);
			productRefGroup = 9F8316082833C23400F45E24 /* Products */;
			projectDirPath = "";
			projectRoot = "";
			targets = (
				9F8316062833C23400F45E24 /* ThreeW */,
			);
		};
/* End PBXProject section */

/* Begin PBXResourcesBuildPhase section */
		9F8316052833C23400F45E24 /* Resources */ = {
			isa = PBXResourcesBuildPhase;
			buildActionMask = 2147483647;
			files = (
				9F8316122833C23500F45E24 /* Preview Assets.xcassets in Resources */,
				9F83160F2833C23500F45E24 /* Assets.xcassets in Resources */,
			);
			runOnlyForDeploymentPostprocessing = 0;
		};
/* End PBXResourcesBuildPhase section */

/* Begin PBXSourcesBuildPhase section */
		9F8316032833C23400F45E24 /* Sources */ = {
			isa = PBXSourcesBuildPhase;
			buildActionMask = 2147483647;
			files = (
				9F950C1C28409A68002C1362 /* ThreeWStorage.swift in Sources */,
				9F950C14284082FD002C1362 /* ThreeWEvent.swift in Sources */,
				9F950C282840DE0A002C1362 /* AppView.swift in Sources */,
				9F0F81DE2840F52B005835A5 /* ActionView.swift in Sources */,
				9F950C1628408847002C1362 /* Executing.swift in Sources */,
				9F950C18284093D7002C1362 /* ThreeWInputView.swift in Sources */,
				9F950C262840D491002C1362 /* KeyboardActionView.swift in Sources */,
				9F0F81D82840E567005835A5 /* HourMinutesPicker.swift in Sources */,
				9F950C242840C94C002C1362 /* RecorderView.swift in Sources */,
				9F83160B2833C23400F45E24 /* ThreeWApp.swift in Sources */,
			);
			runOnlyForDeploymentPostprocessing = 0;
		};
/* End PBXSourcesBuildPhase section */

/* Begin XCBuildConfiguration section */
		9F8316142833C23500F45E24 /* Debug */ = {
			isa = XCBuildConfiguration;
			buildSettings = {
				ALWAYS_SEARCH_USER_PATHS = NO;
				CLANG_ANALYZER_NONNULL = YES;
				CLANG_ANALYZER_NUMBER_OBJECT_CONVERSION = YES_AGGRESSIVE;
				CLANG_CXX_LANGUAGE_STANDARD = "gnu++17";
				CLANG_CXX_LIBRARY = "libc++";
				CLANG_ENABLE_MODULES = YES;
				CLANG_ENABLE_OBJC_ARC = YES;
				CLANG_ENABLE_OBJC_WEAK = YES;
				CLANG_WARN_BLOCK_CAPTURE_AUTORELEASING = YES;
				CLANG_WARN_BOOL_CONVERSION = YES;
				CLANG_WARN_COMMA = YES;
				CLANG_WARN_CONSTANT_CONVERSION = YES;
				CLANG_WARN_DEPRECATED_OBJC_IMPLEMENTATIONS = YES;
				CLANG_WARN_DIRECT_OBJC_ISA_USAGE = YES_ERROR;
				CLANG_WARN_DOCUMENTATION_COMMENTS = YES;
				CLANG_WARN_EMPTY_BODY = YES;
				CLANG_WARN_ENUM_CONVERSION = YES;
				CLANG_WARN_INFINITE_RECURSION = YES;
				CLANG_WARN_INT_CONVERSION = YES;
				CLANG_WARN_NON_LITERAL_NULL_CONVERSION = YES;
				CLANG_WARN_OBJC_IMPLICIT_RETAIN_SELF = YES;
				CLANG_WARN_OBJC_LITERAL_CONVERSION = YES;
				CLANG_WARN_OBJC_ROOT_CLASS = YES_ERROR;
				CLANG_WARN_QUOTED_INCLUDE_IN_FRAMEWORK_HEADER = YES;
				CLANG_WARN_RANGE_LOOP_ANALYSIS = YES;
				CLANG_WARN_STRICT_PROTOTYPES = YES;
				CLANG_WARN_SUSPICIOUS_MOVE = YES;
				CLANG_WARN_UNGUARDED_AVAILABILITY = YES_AGGRESSIVE;
				CLANG_WARN_UNREACHABLE_CODE = YES;
				CLANG_WARN__DUPLICATE_METHOD_MATCH = YES;
				COPY_PHASE_STRIP = NO;
				DEBUG_INFORMATION_FORMAT = dwarf;
				ENABLE_STRICT_OBJC_MSGSEND = YES;
				ENABLE_TESTABILITY = YES;
				GCC_C_LANGUAGE_STANDARD = gnu11;
				GCC_DYNAMIC_NO_PIC = NO;
				GCC_NO_COMMON_BLOCKS = YES;
				GCC_OPTIMIZATION_LEVEL = 0;
				GCC_PREPROCESSOR_DEFINITIONS = (
					"DEBUG=1",
					"$(inherited)",
				);
				GCC_WARN_64_TO_32_BIT_CONVERSION = YES;
				GCC_WARN_ABOUT_RETURN_TYPE = YES_ERROR;
				GCC_WARN_UNDECLARED_SELECTOR = YES;
				GCC_WARN_UNINITIALIZED_AUTOS = YES_AGGRESSIVE;
				GCC_WARN_UNUSED_FUNCTION = YES;
				GCC_WARN_UNUSED_VARIABLE = YES;
				MACOSX_DEPLOYMENT_TARGET = 12.1;
				MTL_ENABLE_DEBUG_INFO = INCLUDE_SOURCE;
				MTL_FAST_MATH = YES;
				ONLY_ACTIVE_ARCH = YES;
				SDKROOT = macosx;
				SWIFT_ACTIVE_COMPILATION_CONDITIONS = DEBUG;
				SWIFT_OPTIMIZATION_LEVEL = "-Onone";
			};
			name = Debug;
		};
		9F8316152833C23500F45E24 /* Release */ = {
			isa = XCBuildConfiguration;
			buildSettings = {
				ALWAYS_SEARCH_USER_PATHS = NO;
				CLANG_ANALYZER_NONNULL = YES;
				CLANG_ANALYZER_NUMBER_OBJECT_CONVERSION = YES_AGGRESSIVE;
				CLANG_CXX_LANGUAGE_STANDARD = "gnu++17";
				CLANG_CXX_LIBRARY = "libc++";
				CLANG_ENABLE_MODULES = YES;
				CLANG_ENABLE_OBJC_ARC = YES;
				CLANG_ENABLE_OBJC_WEAK = YES;
				CLANG_WARN_BLOCK_CAPTURE_AUTORELEASING = YES;
				CLANG_WARN_BOOL_CONVERSION = YES;
				CLANG_WARN_COMMA = YES;
				CLANG_WARN_CONSTANT_CONVERSION = YES;
				CLANG_WARN_DEPRECATED_OBJC_IMPLEMENTATIONS = YES;
				CLANG_WARN_DIRECT_OBJC_ISA_USAGE = YES_ERROR;
				CLANG_WARN_DOCUMENTATION_COMMENTS = YES;
				CLANG_WARN_EMPTY_BODY = YES;
				CLANG_WARN_ENUM_CONVERSION = YES;
				CLANG_WARN_INFINITE_RECURSION = YES;
				CLANG_WARN_INT_CONVERSION = YES;
				CLANG_WARN_NON_LITERAL_NULL_CONVERSION = YES;
				CLANG_WARN_OBJC_IMPLICIT_RETAIN_SELF = YES;
				CLANG_WARN_OBJC_LITERAL_CONVERSION = YES;
				CLANG_WARN_OBJC_ROOT_CLASS = YES_ERROR;
				CLANG_WARN_QUOTED_INCLUDE_IN_FRAMEWORK_HEADER = YES;
				CLANG_WARN_RANGE_LOOP_ANALYSIS = YES;
				CLANG_WARN_STRICT_PROTOTYPES = YES;
				CLANG_WARN_SUSPICIOUS_MOVE = YES;
				CLANG_WARN_UNGUARDED_AVAILABILITY = YES_AGGRESSIVE;
				CLANG_WARN_UNREACHABLE_CODE = YES;
				CLANG_WARN__DUPLICATE_METHOD_MATCH = YES;
				COPY_PHASE_STRIP = NO;
				DEBUG_INFORMATION_FORMAT = "dwarf-with-dsym";
				ENABLE_NS_ASSERTIONS = NO;
				ENABLE_STRICT_OBJC_MSGSEND = YES;
				GCC_C_LANGUAGE_STANDARD = gnu11;
				GCC_NO_COMMON_BLOCKS = YES;
				GCC_WARN_64_TO_32_BIT_CONVERSION = YES;
				GCC_WARN_ABOUT_RETURN_TYPE = YES_ERROR;
				GCC_WARN_UNDECLARED_SELECTOR = YES;
				GCC_WARN_UNINITIALIZED_AUTOS = YES_AGGRESSIVE;
				GCC_WARN_UNUSED_FUNCTION = YES;
				GCC_WARN_UNUSED_VARIABLE = YES;
				MACOSX_DEPLOYMENT_TARGET = 12.1;
				MTL_ENABLE_DEBUG_INFO = NO;
				MTL_FAST_MATH = YES;
				SDKROOT = macosx;
				SWIFT_COMPILATION_MODE = wholemodule;
				SWIFT_OPTIMIZATION_LEVEL = "-O";
			};
			name = Release;
		};
		9F8316172833C23500F45E24 /* Debug */ = {
			isa = XCBuildConfiguration;
			buildSettings = {
				ASSETCATALOG_COMPILER_APPICON_NAME = AppIcon;
				ASSETCATALOG_COMPILER_GLOBAL_ACCENT_COLOR_NAME = AccentColor;
				CODE_SIGN_ENTITLEMENTS = ThreeW/App/ThreeW.entitlements;
				CODE_SIGN_IDENTITY = "Apple Development";
				CODE_SIGN_STYLE = Automatic;
				COMBINE_HIDPI_IMAGES = YES;
				CURRENT_PROJECT_VERSION = 1;
				DEVELOPMENT_ASSET_PATHS = "\"ThreeW/App/Preview Content\"";
				DEVELOPMENT_TEAM = 638NVKSPAW;
				ENABLE_HARDENED_RUNTIME = YES;
				ENABLE_PREVIEWS = YES;
				GENERATE_INFOPLIST_FILE = YES;
				INFOPLIST_KEY_NSAppleEventsUsageDescription = "We need this permission to press keycode in other apps";
				INFOPLIST_KEY_NSHumanReadableCopyright = "";
				LD_RUNPATH_SEARCH_PATHS = (
					"$(inherited)",
					"@executable_path/../Frameworks",
				);
				MARKETING_VERSION = 1.1;
				PRODUCT_BUNDLE_IDENTIFIER = com.kaelzs.ThreeW;
				PRODUCT_NAME = "$(TARGET_NAME)";
				SWIFT_EMIT_LOC_STRINGS = YES;
				SWIFT_VERSION = 5.0;
			};
			name = Debug;
		};
		9F8316182833C23500F45E24 /* Release */ = {
			isa = XCBuildConfiguration;
			buildSettings = {
				ASSETCATALOG_COMPILER_APPICON_NAME = AppIcon;
				ASSETCATALOG_COMPILER_GLOBAL_ACCENT_COLOR_NAME = AccentColor;
				CODE_SIGN_ENTITLEMENTS = ThreeW/App/ThreeW.entitlements;
				CODE_SIGN_IDENTITY = "Apple Development";
				CODE_SIGN_STYLE = Automatic;
				COMBINE_HIDPI_IMAGES = YES;
				CURRENT_PROJECT_VERSION = 1;
				DEVELOPMENT_ASSET_PATHS = "\"ThreeW/App/Preview Content\"";
				DEVELOPMENT_TEAM = 638NVKSPAW;
				ENABLE_HARDENED_RUNTIME = YES;
				ENABLE_PREVIEWS = YES;
				GENERATE_INFOPLIST_FILE = YES;
				INFOPLIST_KEY_NSAppleEventsUsageDescription = "We need this permission to press keycode in other apps";
				INFOPLIST_KEY_NSHumanReadableCopyright = "";
				LD_RUNPATH_SEARCH_PATHS = (
					"$(inherited)",
					"@executable_path/../Frameworks",
				);
				MARKETING_VERSION = 1.1;
				PRODUCT_BUNDLE_IDENTIFIER = com.kaelzs.ThreeW;
				PRODUCT_NAME = "$(TARGET_NAME)";
				SWIFT_EMIT_LOC_STRINGS = YES;
				SWIFT_VERSION = 5.0;
			};
			name = Release;
		};
/* End XCBuildConfiguration section */

/* Begin XCConfigurationList section */
		9F8316022833C23400F45E24 /* Build configuration list for PBXProject "ThreeW" */ = {
			isa = XCConfigurationList;
			buildConfigurations = (
				9F8316142833C23500F45E24 /* Debug */,
				9F8316152833C23500F45E24 /* Release */,
			);
			defaultConfigurationIsVisible = 0;
			defaultConfigurationName = Release;
		};
		9F8316162833C23500F45E24 /* Build configuration list for PBXNativeTarget "ThreeW" */ = {
			isa = XCConfigurationList;
			buildConfigurations = (
				9F8316172833C23500F45E24 /* Debug */,
				9F8316182833C23500F45E24 /* Release */,
			);
			defaultConfigurationIsVisible = 0;
			defaultConfigurationName = Release;
		};
/* End XCConfigurationList section */

/* Begin XCRemoteSwiftPackageReference section */
		9F950C1F2840C931002C1362 /* XCRemoteSwiftPackageReference "ShortcutRecorder" */ = {
			isa = XCRemoteSwiftPackageReference;
			repositoryURL = "https://github.com/JanX2/ShortcutRecorder.git";
			requirement = {
				kind = upToNextMajorVersion;
				minimumVersion = 3.0.0;
			};
		};
/* End XCRemoteSwiftPackageReference section */

/* Begin XCSwiftPackageProductDependency section */
		9F950C202840C931002C1362 /* ShortcutRecorder */ = {
			isa = XCSwiftPackageProductDependency;
			package = 9F950C1F2840C931002C1362 /* XCRemoteSwiftPackageReference "ShortcutRecorder" */;
			productName = ShortcutRecorder;
		};
/* End XCSwiftPackageProductDependency section */
	};
	rootObject = 9F8315FF2833C23400F45E24 /* Project object */;
}
