{
  "pins" : [
    {
      "identity" : "shortcutrecorder",
      "kind" : "remoteSourceControl",
      "location" : "https://github.com/JanX2/ShortcutRecorder.git",
      "state" : {
        "revision" : "07b065085e172d85b7b5a0f3cc05f6ed47ad5af1",
        "version" : "3.3.0"
      }
    }
  ],
  "version" : 2
}
